{
  "version": 4,
  "terraform_version": "1.7.4",
  "serial": 38,
  "lineage": "f866b227-1e35-4107-4975-c4890af06994",
  "outputs": {},
  "resources": [
    {
      "mode": "data",
      "type": "archive_file",
      "name": "zip_the_python_code",
      "provider": "provider[\"registry.terraform.io/hashicorp/archive\"]",
      "instances": [
        {
          "schema_version": 0,
          "attributes": {
            "exclude_symlink_directories": null,
            "excludes": null,
            "id": "3a0af2c25bafbe932b59bdb2465d8c89824f89a7",
            "output_base64sha256": "xkGcCys/OfaxF769XUe7QL84LpDXW9X66ldDdjWFSZU=",
            "output_base64sha512": "lRqdL7T/7EmxSOJoxsVcSr4rQWi4xJRiZvxtQ5wqss/7asLj/6q/ePmIf1n3tjCsn7ihGSyFikW+kta6qMmmgA==",
            "output_file_mode": null,
            "output_md5": "bd9a1599c027c94a76738ee7ac2340a1",
            "output_path": "./lambda-function/lambda_function.zip",
            "output_sha": "3a0af2c25bafbe932b59bdb2465d8c89824f89a7",
            "output_sha256": "c6419c0b2b3f39f6b117bebd5d47bb40bf382e90d75bd5faea57437635854995",
            "output_sha512": "951a9d2fb4ffec49b148e268c6c55c4abe2b4168b8c4946266fc6d439c2ab2cffb6ac2e3ffaabf78f9887f59f7b630ac9fb8a1192c858a45be92d6baa8c9a680",
            "output_size": 598,
            "source": [],
            "source_content": null,
            "source_content_filename": null,
            "source_dir": "./lambda-function/",
            "source_file": null,
            "type": "zip"
          },
          "sensitive_attributes": []
        }
      ]
    },
    {
      "mode": "managed",
      "type": "aws_iam_policy",
      "name": "iam_policy_for_lambda",
      "provider": "provider[\"registry.terraform.io/hashicorp/aws\"]",
      "instances": [
        {
          "schema_version": 0,
          "attributes": {
            "arn": "arn:aws:iam::259517280840:policy/aws_iam_policy_for_terraform_lambda_func_role",
            "description": "AWS IAM Policy for managing aws lambda role",
            "id": "arn:aws:iam::259517280840:policy/aws_iam_policy_for_terraform_lambda_func_role",
            "name": "aws_iam_policy_for_terraform_lambda_func_role",
            "name_prefix": "",
            "path": "/",
            "policy": "{\"Statement\":[{\"Action\":[\"logs:CreateLogGroup\",\"logs:CreateLogStream\",\"logs:PutLogEvents\"],\"Effect\":\"Allow\",\"Resource\":\"arn:aws:logs:*:*:*\"},{\"Action\":[\"dynamodb:UpdateItem\",\"dynamodb:GetItem\",\"dynamodb:PutItem\"],\"Effect\":\"Allow\",\"Resource\":\"arn:aws:dynamodb:*:*:table/kubafara-views\"}],\"Version\":\"2012-10-17\"}",
            "policy_id": "ANPATY3DPOJEPO2AX2AOY",
            "tags": null,
            "tags_all": {}
          },
          "sensitive_attributes": [],
          "private": "bnVsbA=="
        }
      ]
    },
    {
      "mode": "managed",
      "type": "aws_iam_role",
      "name": "lambda_role",
      "provider": "provider[\"registry.terraform.io/hashicorp/aws\"]",
      "instances": [
        {
          "schema_version": 0,
          "attributes": {
            "arn": "arn:aws:iam::259517280840:role/terraform_lambda_func_Role",
            "assume_role_policy": "{\"Statement\":[{\"Action\":\"sts:AssumeRole\",\"Effect\":\"Allow\",\"Principal\":{\"Service\":\"lambda.amazonaws.com\"},\"Sid\":\"\"}],\"Version\":\"2012-10-17\"}",
            "create_date": "2024-02-22T15:17:26Z",
            "description": "",
            "force_detach_policies": false,
            "id": "terraform_lambda_func_Role",
            "inline_policy": [],
            "managed_policy_arns": [],
            "max_session_duration": 3600,
            "name": "terraform_lambda_func_Role",
            "name_prefix": "",
            "path": "/",
            "permissions_boundary": "",
            "tags": null,
            "tags_all": {},
            "unique_id": "AROATY3DPOJEFJK2LMQDV"
          },
          "sensitive_attributes": [],
          "private": "bnVsbA=="
        }
      ]
    },
    {
      "mode": "managed",
      "type": "aws_iam_role_policy_attachment",
      "name": "attach_iam_policy_to_iam_role",
      "provider": "provider[\"registry.terraform.io/hashicorp/aws\"]",
      "instances": [
        {
          "schema_version": 0,
          "attributes": {
            "id": "terraform_lambda_func_Role-20240222151721836200000001",
            "policy_arn": "arn:aws:iam::259517280840:policy/aws_iam_policy_for_terraform_lambda_func_role",
            "role": "terraform_lambda_func_Role"
          },
          "sensitive_attributes": [],
          "private": "bnVsbA==",
          "dependencies": [
            "aws_iam_policy.iam_policy_for_lambda",
            "aws_iam_role.lambda_role"
          ]
        }
      ]
    },
    {
      "mode": "managed",
      "type": "aws_lambda_function",
      "name": "terraform_lambda_func",
      "provider": "provider[\"registry.terraform.io/hashicorp/aws\"]",
      "instances": [
        {
          "schema_version": 0,
          "attributes": {
            "architectures": [
              "x86_64"
            ],
            "arn": "arn:aws:lambda:eu-central-1:259517280840:function:terraform_lambda_func",
            "code_signing_config_arn": "",
            "dead_letter_config": [],
            "description": "",
            "environment": [
              {
                "variables": {
                  "databaseName": "kubafara-views"
                }
              }
            ],
            "ephemeral_storage": [
              {
                "size": 512
              }
            ],
            "file_system_config": [],
            "filename": "./lambda-function/lambda_function.zip",
            "function_name": "terraform_lambda_func",
            "handler": "terraform_lambda_func.lambda_handler",
            "id": "terraform_lambda_func",
            "image_config": [],
            "image_uri": "",
            "invoke_arn": "arn:aws:apigateway:eu-central-1:lambda:path/2015-03-31/functions/arn:aws:lambda:eu-central-1:259517280840:function:terraform_lambda_func/invocations",
            "kms_key_arn": "",
            "last_modified": "2024-02-22T15:17:35.822+0000",
            "layers": null,
            "logging_config": [
              {
                "application_log_level": "",
                "log_format": "Text",
                "log_group": "/aws/lambda/terraform_lambda_func",
                "system_log_level": ""
              }
            ],
            "memory_size": 128,
            "package_type": "Zip",
            "publish": false,
            "qualified_arn": "arn:aws:lambda:eu-central-1:259517280840:function:terraform_lambda_func:$LATEST",
            "qualified_invoke_arn": "arn:aws:apigateway:eu-central-1:lambda:path/2015-03-31/functions/arn:aws:lambda:eu-central-1:259517280840:function:terraform_lambda_func:$LATEST/invocations",
            "replace_security_groups_on_destroy": null,
            "replacement_security_group_ids": null,
            "reserved_concurrent_executions": -1,
            "role": "arn:aws:iam::259517280840:role/terraform_lambda_func_Role",
            "runtime": "python3.12",
            "s3_bucket": null,
            "s3_key": null,
            "s3_object_version": null,
            "signing_job_arn": "",
            "signing_profile_version_arn": "",
            "skip_destroy": false,
            "snap_start": [],
            "source_code_hash": "xkGcCys/OfaxF769XUe7QL84LpDXW9X66ldDdjWFSZU=",
            "source_code_size": 598,
            "tags": null,
            "tags_all": {},
            "timeout": 3,
            "timeouts": null,
            "tracing_config": [
              {
                "mode": "PassThrough"
              }
            ],
            "version": "$LATEST",
            "vpc_config": []
          },
          "sensitive_attributes": [],
          "private": "eyJlMmJmYjczMC1lY2FhLTExZTYtOGY4OC0zNDM2M2JjN2M0YzAiOnsiY3JlYXRlIjo2MDAwMDAwMDAwMDAsImRlbGV0ZSI6NjAwMDAwMDAwMDAwLCJ1cGRhdGUiOjYwMDAwMDAwMDAwMH19",
          "dependencies": [
            "aws_iam_policy.iam_policy_for_lambda",
            "aws_iam_role.lambda_role",
            "aws_iam_role_policy_attachment.attach_iam_policy_to_iam_role"
          ]
        }
      ]
    }
  ],
  "check_results": null
}
